{
  "version": "5",
  "specifiers": {
    "jsr:@supabase/functions-js@^2.4.5": "2.4.5"
  },
  "jsr": {
    "@supabase/functions-js@2.4.5": {
      "integrity": "ead2df253fe0c3b0b682c5f25076978ab62c10afff4d04222451a90ba512c394"
    }
  },
  "workspace": {
    "dependencies": [
      "jsr:@supabase/functions-js@^2.4.5"
    ]
  }
}
